// !$*UTF8*$!
{
	archiveVersion = 1;
	classes = {
	};
	objectVersion = 50;
	objects = {

/* Begin PBXBuildFile section */
		1849A8E62125937700046790 /* ForgotPasswordView.swift in Sources */ = {isa = PBXBuildFile; fileRef = 1849A8E52125937700046790 /* ForgotPasswordView.swift */; };
		1849A8E92125939700046790 /* ForgotPasswordViewModel.swift in Sources */ = {isa = PBXBuildFile; fileRef = 1849A8E82125939700046790 /* ForgotPasswordViewModel.swift */; };
		1849A8EB212593A800046790 /* ForgotPasswordDataModel.swift in Sources */ = {isa = PBXBuildFile; fileRef = 1849A8EA212593A800046790 /* ForgotPasswordDataModel.swift */; };
		1849A8EE2125A2A500046790 /* ResendLinkView.swift in Sources */ = {isa = PBXBuildFile; fileRef = 1849A8ED2125A2A500046790 /* ResendLinkView.swift */; };
		1849A8F1212691E800046790 /* ProfileView.swift in Sources */ = {isa = PBXBuildFile; fileRef = 1849A8F0212691E800046790 /* ProfileView.swift */; };
		1849A8F32126A6C900046790 /* EditInputs.swift in Sources */ = {isa = PBXBuildFile; fileRef = 1849A8F22126A6C900046790 /* EditInputs.swift */; };
		1849A8F62126A6E800046790 /* EditInputs.xib in Resources */ = {isa = PBXBuildFile; fileRef = 1849A8F52126A6E800046790 /* EditInputs.xib */; };
		1849A8F92126EE0C00046790 /* LogoView.xib in Resources */ = {isa = PBXBuildFile; fileRef = 1849A8F82126EE0C00046790 /* LogoView.xib */; };
		1849A8FB2126EE7100046790 /* LogoView.swift in Sources */ = {isa = PBXBuildFile; fileRef = 1849A8FA2126EE7100046790 /* LogoView.swift */; };
		1863554321253F0200E6B782 /* AppDelegate.swift in Sources */ = {isa = PBXBuildFile; fileRef = 1863554221253F0200E6B782 /* AppDelegate.swift */; };
		1863554521253F0200E6B782 /* LoginView.swift in Sources */ = {isa = PBXBuildFile; fileRef = 1863554421253F0200E6B782 /* LoginView.swift */; };
		1863554821253F0200E6B782 /* Main.storyboard in Resources */ = {isa = PBXBuildFile; fileRef = 1863554621253F0200E6B782 /* Main.storyboard */; };
		1863554A21253F1500E6B782 /* Assets.xcassets in Resources */ = {isa = PBXBuildFile; fileRef = 1863554921253F1500E6B782 /* Assets.xcassets */; };
		1863554D21253F1500E6B782 /* LaunchScreen.storyboard in Resources */ = {isa = PBXBuildFile; fileRef = 1863554B21253F1500E6B782 /* LaunchScreen.storyboard */; };
		18983D0C21254E2C00F04F23 /* LoginViewModel.swift in Sources */ = {isa = PBXBuildFile; fileRef = 18983D0B21254E2C00F04F23 /* LoginViewModel.swift */; };
		18983D0E21254E5400F04F23 /* LoginDataModel.swift in Sources */ = {isa = PBXBuildFile; fileRef = 18983D0D21254E5400F04F23 /* LoginDataModel.swift */; };
		18983D142125733400F04F23 /* ViewExtenctions.swift in Sources */ = {isa = PBXBuildFile; fileRef = 18983D132125733400F04F23 /* ViewExtenctions.swift */; };
		3B17CDF78CF21A8CF0420B75 /* Pods_ECI_Local.framework in Frameworks */ = {isa = PBXBuildFile; fileRef = 00E90FE40150155EE0030E13 /* Pods_ECI_Local.framework */; };
/* End PBXBuildFile section */

/* Begin PBXFileReference section */
		00E90FE40150155EE0030E13 /* Pods_ECI_Local.framework */ = {isa = PBXFileReference; explicitFileType = wrapper.framework; includeInIndex = 0; path = Pods_ECI_Local.framework; sourceTree = BUILT_PRODUCTS_DIR; };
		1849A8E52125937700046790 /* ForgotPasswordView.swift */ = {isa = PBXFileReference; lastKnownFileType = sourcecode.swift; path = ForgotPasswordView.swift; sourceTree = "<group>"; };
		1849A8E82125939700046790 /* ForgotPasswordViewModel.swift */ = {isa = PBXFileReference; lastKnownFileType = sourcecode.swift; path = ForgotPasswordViewModel.swift; sourceTree = "<group>"; };
		1849A8EA212593A800046790 /* ForgotPasswordDataModel.swift */ = {isa = PBXFileReference; lastKnownFileType = sourcecode.swift; path = ForgotPasswordDataModel.swift; sourceTree = "<group>"; };
		1849A8ED2125A2A500046790 /* ResendLinkView.swift */ = {isa = PBXFileReference; lastKnownFileType = sourcecode.swift; path = ResendLinkView.swift; sourceTree = "<group>"; };
		1849A8F0212691E800046790 /* ProfileView.swift */ = {isa = PBXFileReference; lastKnownFileType = sourcecode.swift; path = ProfileView.swift; sourceTree = "<group>"; };
		1849A8F22126A6C900046790 /* EditInputs.swift */ = {isa = PBXFileReference; lastKnownFileType = sourcecode.swift; path = EditInputs.swift; sourceTree = "<group>"; };
		1849A8F52126A6E800046790 /* EditInputs.xib */ = {isa = PBXFileReference; lastKnownFileType = file.xib; path = EditInputs.xib; sourceTree = "<group>"; };
		1849A8F82126EE0C00046790 /* LogoView.xib */ = {isa = PBXFileReference; lastKnownFileType = file.xib; path = LogoView.xib; sourceTree = "<group>"; };
		1849A8FA2126EE7100046790 /* LogoView.swift */ = {isa = PBXFileReference; lastKnownFileType = sourcecode.swift; path = LogoView.swift; sourceTree = "<group>"; };
		1863553F21253F0200E6B782 /* ECI-Local.app */ = {isa = PBXFileReference; explicitFileType = wrapper.application; includeInIndex = 0; path = "ECI-Local.app"; sourceTree = BUILT_PRODUCTS_DIR; };
		1863554221253F0200E6B782 /* AppDelegate.swift */ = {isa = PBXFileReference; lastKnownFileType = sourcecode.swift; path = AppDelegate.swift; sourceTree = "<group>"; };
		1863554421253F0200E6B782 /* LoginView.swift */ = {isa = PBXFileReference; lastKnownFileType = sourcecode.swift; path = LoginView.swift; sourceTree = "<group>"; };
		1863554721253F0200E6B782 /* Base */ = {isa = PBXFileReference; lastKnownFileType = file.storyboard; name = Base; path = Base.lproj/Main.storyboard; sourceTree = "<group>"; };
		1863554921253F1500E6B782 /* Assets.xcassets */ = {isa = PBXFileReference; lastKnownFileType = folder.assetcatalog; path = Assets.xcassets; sourceTree = "<group>"; };
		1863554C21253F1500E6B782 /* Base */ = {isa = PBXFileReference; lastKnownFileType = file.storyboard; name = Base; path = Base.lproj/LaunchScreen.storyboard; sourceTree = "<group>"; };
		1863554E21253F1600E6B782 /* Info.plist */ = {isa = PBXFileReference; lastKnownFileType = text.plist.xml; path = Info.plist; sourceTree = "<group>"; };
		18983D0B21254E2C00F04F23 /* LoginViewModel.swift */ = {isa = PBXFileReference; lastKnownFileType = sourcecode.swift; path = LoginViewModel.swift; sourceTree = "<group>"; };
		18983D0D21254E5400F04F23 /* LoginDataModel.swift */ = {isa = PBXFileReference; lastKnownFileType = sourcecode.swift; path = LoginDataModel.swift; sourceTree = "<group>"; };
		18983D132125733400F04F23 /* ViewExtenctions.swift */ = {isa = PBXFileReference; fileEncoding = 4; lastKnownFileType = sourcecode.swift; path = ViewExtenctions.swift; sourceTree = "<group>"; };
		191F3A5D2857029A01745973 /* Pods-ECI-Local.debug.xcconfig */ = {isa = PBXFileReference; includeInIndex = 1; lastKnownFileType = text.xcconfig; name = "Pods-ECI-Local.debug.xcconfig"; path = "Pods/Target Support Files/Pods-ECI-Local/Pods-ECI-Local.debug.xcconfig"; sourceTree = "<group>"; };
		CF502A6646C77655B8EE8667 /* Pods-ECI-Local.release.xcconfig */ = {isa = PBXFileReference; includeInIndex = 1; lastKnownFileType = text.xcconfig; name = "Pods-ECI-Local.release.xcconfig"; path = "Pods/Target Support Files/Pods-ECI-Local/Pods-ECI-Local.release.xcconfig"; sourceTree = "<group>"; };
/* End PBXFileReference section */

/* Begin PBXFrameworksBuildPhase section */
		1863553C21253F0200E6B782 /* Frameworks */ = {
			isa = PBXFrameworksBuildPhase;
			buildActionMask = 2147483647;
			files = (
				3B17CDF78CF21A8CF0420B75 /* Pods_ECI_Local.framework in Frameworks */,
			);
			runOnlyForDeploymentPostprocessing = 0;
		};
/* End PBXFrameworksBuildPhase section */

/* Begin PBXGroup section */
		1849A8E72125937B00046790 /* Forgot Password */ = {
			isa = PBXGroup;
			children = (
				1849A8E52125937700046790 /* ForgotPasswordView.swift */,
				1849A8E82125939700046790 /* ForgotPasswordViewModel.swift */,
				1849A8EA212593A800046790 /* ForgotPasswordDataModel.swift */,
			);
			path = "Forgot Password";
			sourceTree = "<group>";
		};
		1849A8EC2125A27C00046790 /* Resend Link */ = {
			isa = PBXGroup;
			children = (
				1849A8ED2125A2A500046790 /* ResendLinkView.swift */,
			);
			path = "Resend Link";
			sourceTree = "<group>";
		};
		1849A8EF212691BD00046790 /* Profile */ = {
			isa = PBXGroup;
			children = (
				1849A8F42126A6CD00046790 /* EditList */,
				1849A8F0212691E800046790 /* ProfileView.swift */,
			);
			path = Profile;
			sourceTree = "<group>";
		};
		1849A8F42126A6CD00046790 /* EditList */ = {
			isa = PBXGroup;
			children = (
				1849A8F22126A6C900046790 /* EditInputs.swift */,
				1849A8F52126A6E800046790 /* EditInputs.xib */,
			);
			path = EditList;
			sourceTree = "<group>";
		};
		1849A8F72126EDE300046790 /* Logo */ = {
			isa = PBXGroup;
			children = (
				1849A8F82126EE0C00046790 /* LogoView.xib */,
				1849A8FA2126EE7100046790 /* LogoView.swift */,
			);
			path = Logo;
			sourceTree = "<group>";
		};
		1863553621253F0200E6B782 = {
			isa = PBXGroup;
			children = (
				1863554121253F0200E6B782 /* ECI-Local */,
				1863554021253F0200E6B782 /* Products */,
				AE1F53BD79072520598FF668 /* Pods */,
				D364E76FD62CA4071612A1E2 /* Frameworks */,
			);
			sourceTree = "<group>";
		};
		1863554021253F0200E6B782 /* Products */ = {
			isa = PBXGroup;
			children = (
				1863553F21253F0200E6B782 /* ECI-Local.app */,
			);
			name = Products;
			sourceTree = "<group>";
		};
		1863554121253F0200E6B782 /* ECI-Local */ = {
			isa = PBXGroup;
			children = (
				1849A8EF212691BD00046790 /* Profile */,
				186355542125477C00E6B782 /* Login */,
				1863554221253F0200E6B782 /* AppDelegate.swift */,
				1863554621253F0200E6B782 /* Main.storyboard */,
				1863554921253F1500E6B782 /* Assets.xcassets */,
				1863554B21253F1500E6B782 /* LaunchScreen.storyboard */,
				1863554E21253F1600E6B782 /* Info.plist */,
				18983D132125733400F04F23 /* ViewExtenctions.swift */,
			);
			path = "ECI-Local";
			sourceTree = "<group>";
		};
		186355542125477C00E6B782 /* Login */ = {
			isa = PBXGroup;
			children = (
				1849A8F72126EDE300046790 /* Logo */,
				1849A8EC2125A27C00046790 /* Resend Link */,
				1849A8E72125937B00046790 /* Forgot Password */,
				1863554421253F0200E6B782 /* LoginView.swift */,
				18983D0B21254E2C00F04F23 /* LoginViewModel.swift */,
				18983D0D21254E5400F04F23 /* LoginDataModel.swift */,
			);
			path = Login;
			sourceTree = "<group>";
		};
		AE1F53BD79072520598FF668 /* Pods */ = {
			isa = PBXGroup;
			children = (
				191F3A5D2857029A01745973 /* Pods-ECI-Local.debug.xcconfig */,
				CF502A6646C77655B8EE8667 /* Pods-ECI-Local.release.xcconfig */,
			);
			name = Pods;
			sourceTree = "<group>";
		};
		D364E76FD62CA4071612A1E2 /* Frameworks */ = {
			isa = PBXGroup;
			children = (
				00E90FE40150155EE0030E13 /* Pods_ECI_Local.framework */,
			);
			name = Frameworks;
			sourceTree = "<group>";
		};
/* End PBXGroup section */

/* Begin PBXNativeTarget section */
		1863553E21253F0200E6B782 /* ECI-Local */ = {
			isa = PBXNativeTarget;
			buildConfigurationList = 1863555121253F1600E6B782 /* Build configuration list for PBXNativeTarget "ECI-Local" */;
			buildPhases = (
				DD29534A5163D42BDDB59F90 /* [CP] Check Pods Manifest.lock */,
				1863553B21253F0200E6B782 /* Sources */,
				1863553C21253F0200E6B782 /* Frameworks */,
				1863553D21253F0200E6B782 /* Resources */,
				2FCEBFDD11A4AD645C2CA47D /* [CP] Embed Pods Frameworks */,
			);
			buildRules = (
			);
			dependencies = (
			);
			name = "ECI-Local";
			productName = "ECI-Local";
			productReference = 1863553F21253F0200E6B782 /* ECI-Local.app */;
			productType = "com.apple.product-type.application";
		};
/* End PBXNativeTarget section */

/* Begin PBXProject section */
		1863553721253F0200E6B782 /* Project object */ = {
			isa = PBXProject;
			attributes = {
				LastSwiftUpdateCheck = 0940;
				LastUpgradeCheck = 0940;
				ORGANIZATIONNAME = aezion;
				TargetAttributes = {
					1863553E21253F0200E6B782 = {
						CreatedOnToolsVersion = 9.4.1;
					};
				};
			};
			buildConfigurationList = 1863553A21253F0200E6B782 /* Build configuration list for PBXProject "ECI-Local" */;
			compatibilityVersion = "Xcode 9.3";
			developmentRegion = en;
			hasScannedForEncodings = 0;
			knownRegions = (
				en,
				Base,
			);
			mainGroup = 1863553621253F0200E6B782;
			productRefGroup = 1863554021253F0200E6B782 /* Products */;
			projectDirPath = "";
			projectRoot = "";
			targets = (
				1863553E21253F0200E6B782 /* ECI-Local */,
			);
		};
/* End PBXProject section */

/* Begin PBXResourcesBuildPhase section */
		1863553D21253F0200E6B782 /* Resources */ = {
			isa = PBXResourcesBuildPhase;
			buildActionMask = 2147483647;
			files = (
				1849A8F62126A6E800046790 /* EditInputs.xib in Resources */,
				1863554D21253F1500E6B782 /* LaunchScreen.storyboard in Resources */,
				1863554A21253F1500E6B782 /* Assets.xcassets in Resources */,
				1863554821253F0200E6B782 /* Main.storyboard in Resources */,
				1849A8F92126EE0C00046790 /* LogoView.xib in Resources */,
			);
			runOnlyForDeploymentPostprocessing = 0;
		};
/* End PBXResourcesBuildPhase section */

/* Begin PBXShellScriptBuildPhase section */
		2FCEBFDD11A4AD645C2CA47D /* [CP] Embed Pods Frameworks */ = {
			isa = PBXShellScriptBuildPhase;
			buildActionMask = 2147483647;
			files = (
			);
			inputPaths = (
				"${SRCROOT}/Pods/Target Support Files/Pods-ECI-Local/Pods-ECI-Local-frameworks.sh",
				"${BUILT_PRODUCTS_DIR}/IQKeyboardManagerSwift/IQKeyboardManagerSwift.framework",
				"${BUILT_PRODUCTS_DIR}/JVFloatLabeledTextField/JVFloatLabeledTextField.framework",
			);
			name = "[CP] Embed Pods Frameworks";
			outputPaths = (
				"${TARGET_BUILD_DIR}/${FRAMEWORKS_FOLDER_PATH}/IQKeyboardManagerSwift.framework",
				"${TARGET_BUILD_DIR}/${FRAMEWORKS_FOLDER_PATH}/JVFloatLabeledTextField.framework",
			);
			runOnlyForDeploymentPostprocessing = 0;
			shellPath = /bin/sh;
			shellScript = "\"${SRCROOT}/Pods/Target Support Files/Pods-ECI-Local/Pods-ECI-Local-frameworks.sh\"\n";
			showEnvVarsInLog = 0;
		};
		DD29534A5163D42BDDB59F90 /* [CP] Check Pods Manifest.lock */ = {
			isa = PBXShellScriptBuildPhase;
			buildActionMask = 2147483647;
			files = (
			);
			inputPaths = (
				"${PODS_PODFILE_DIR_PATH}/Podfile.lock",
				"${PODS_ROOT}/Manifest.lock",
			);
			name = "[CP] Check Pods Manifest.lock";
			outputPaths = (
				"$(DERIVED_FILE_DIR)/Pods-ECI-Local-checkManifestLockResult.txt",
			);
			runOnlyForDeploymentPostprocessing = 0;
			shellPath = /bin/sh;
			shellScript = "diff \"${PODS_PODFILE_DIR_PATH}/Podfile.lock\" \"${PODS_ROOT}/Manifest.lock\" > /dev/null\nif [ $? != 0 ] ; then\n    # print error to STDERR\n    echo \"error: The sandbox is not in sync with the Podfile.lock. Run 'pod install' or update your CocoaPods installation.\" >&2\n    exit 1\nfi\n# This output is used by Xcode 'outputs' to avoid re-running this script phase.\necho \"SUCCESS\" > \"${SCRIPT_OUTPUT_FILE_0}\"\n";
			showEnvVarsInLog = 0;
		};
/* End PBXShellScriptBuildPhase section */

/* Begin PBXSourcesBuildPhase section */
		1863553B21253F0200E6B782 /* Sources */ = {
			isa = PBXSourcesBuildPhase;
			buildActionMask = 2147483647;
			files = (
				1863554521253F0200E6B782 /* LoginView.swift in Sources */,
				1849A8F32126A6C900046790 /* EditInputs.swift in Sources */,
				1863554321253F0200E6B782 /* AppDelegate.swift in Sources */,
				1849A8F1212691E800046790 /* ProfileView.swift in Sources */,
				18983D142125733400F04F23 /* ViewExtenctions.swift in Sources */,
				1849A8E92125939700046790 /* ForgotPasswordViewModel.swift in Sources */,
				1849A8FB2126EE7100046790 /* LogoView.swift in Sources */,
				18983D0C21254E2C00F04F23 /* LoginViewModel.swift in Sources */,
				1849A8EE2125A2A500046790 /* ResendLinkView.swift in Sources */,
				1849A8E62125937700046790 /* ForgotPasswordView.swift in Sources */,
				18983D0E21254E5400F04F23 /* LoginDataModel.swift in Sources */,
				1849A8EB212593A800046790 /* ForgotPasswordDataModel.swift in Sources */,
			);
			runOnlyForDeploymentPostprocessing = 0;
		};
/* End PBXSourcesBuildPhase section */

/* Begin PBXVariantGroup section */
		1863554621253F0200E6B782 /* Main.storyboard */ = {
			isa = PBXVariantGroup;
			children = (
				1863554721253F0200E6B782 /* Base */,
			);
			name = Main.storyboard;
			sourceTree = "<group>";
		};
		1863554B21253F1500E6B782 /* LaunchScreen.storyboard */ = {
			isa = PBXVariantGroup;
			children = (
				1863554C21253F1500E6B782 /* Base */,
			);
			name = LaunchScreen.storyboard;
			sourceTree = "<group>";
		};
/* End PBXVariantGroup section */

/* Begin XCBuildConfiguration section */
		1863554F21253F1600E6B782 /* Debug */ = {
			isa = XCBuildConfiguration;
			buildSettings = {
				ALWAYS_SEARCH_USER_PATHS = NO;
				CLANG_ANALYZER_NONNULL = YES;
				CLANG_ANALYZER_NUMBER_OBJECT_CONVERSION = YES_AGGRESSIVE;
				CLANG_CXX_LANGUAGE_STANDARD = "gnu++14";
				CLANG_CXX_LIBRARY = "libc++";
				CLANG_ENABLE_MODULES = YES;
				CLANG_ENABLE_OBJC_ARC = YES;
				CLANG_ENABLE_OBJC_WEAK = YES;
				CLANG_WARN_BLOCK_CAPTURE_AUTORELEASING = YES;
				CLANG_WARN_BOOL_CONVERSION = YES;
				CLANG_WARN_COMMA = YES;
				CLANG_WARN_CONSTANT_CONVERSION = YES;
				CLANG_WARN_DEPRECATED_OBJC_IMPLEMENTATIONS = YES;
				CLANG_WARN_DIRECT_OBJC_ISA_USAGE = YES_ERROR;
				CLANG_WARN_DOCUMENTATION_COMMENTS = YES;
				CLANG_WARN_EMPTY_BODY = YES;
				CLANG_WARN_ENUM_CONVERSION = YES;
				CLANG_WARN_INFINITE_RECURSION = YES;
				CLANG_WARN_INT_CONVERSION = YES;
				CLANG_WARN_NON_LITERAL_NULL_CONVERSION = YES;
				CLANG_WARN_OBJC_IMPLICIT_RETAIN_SELF = YES;
				CLANG_WARN_OBJC_LITERAL_CONVERSION = YES;
				CLANG_WARN_OBJC_ROOT_CLASS = YES_ERROR;
				CLANG_WARN_RANGE_LOOP_ANALYSIS = YES;
				CLANG_WARN_STRICT_PROTOTYPES = YES;
				CLANG_WARN_SUSPICIOUS_MOVE = YES;
				CLANG_WARN_UNGUARDED_AVAILABILITY = YES_AGGRESSIVE;
				CLANG_WARN_UNREACHABLE_CODE = YES;
				CLANG_WARN__DUPLICATE_METHOD_MATCH = YES;
				CODE_SIGN_IDENTITY = "iPhone Developer";
				COPY_PHASE_STRIP = NO;
				DEBUG_INFORMATION_FORMAT = dwarf;
				ENABLE_STRICT_OBJC_MSGSEND = YES;
				ENABLE_TESTABILITY = YES;
				GCC_C_LANGUAGE_STANDARD = gnu11;
				GCC_DYNAMIC_NO_PIC = NO;
				GCC_NO_COMMON_BLOCKS = YES;
				GCC_OPTIMIZATION_LEVEL = 0;
				GCC_PREPROCESSOR_DEFINITIONS = (
					"DEBUG=1",
					"$(inherited)",
				);
				GCC_WARN_64_TO_32_BIT_CONVERSION = YES;
				GCC_WARN_ABOUT_RETURN_TYPE = YES_ERROR;
				GCC_WARN_UNDECLARED_SELECTOR = YES;
				GCC_WARN_UNINITIALIZED_AUTOS = YES_AGGRESSIVE;
				GCC_WARN_UNUSED_FUNCTION = YES;
				GCC_WARN_UNUSED_VARIABLE = YES;
				IPHONEOS_DEPLOYMENT_TARGET = 11.4;
				MTL_ENABLE_DEBUG_INFO = YES;
				ONLY_ACTIVE_ARCH = YES;
				SDKROOT = iphoneos;
				SWIFT_ACTIVE_COMPILATION_CONDITIONS = DEBUG;
				SWIFT_OPTIMIZATION_LEVEL = "-Onone";
			};
			name = Debug;
		};
		1863555021253F1600E6B782 /* Release */ = {
			isa = XCBuildConfiguration;
			buildSettings = {
				ALWAYS_SEARCH_USER_PATHS = NO;
				CLANG_ANALYZER_NONNULL = YES;
				CLANG_ANALYZER_NUMBER_OBJECT_CONVERSION = YES_AGGRESSIVE;
				CLANG_CXX_LANGUAGE_STANDARD = "gnu++14";
				CLANG_CXX_LIBRARY = "libc++";
				CLANG_ENABLE_MODULES = YES;
				CLANG_ENABLE_OBJC_ARC = YES;
				CLANG_ENABLE_OBJC_WEAK = YES;
				CLANG_WARN_BLOCK_CAPTURE_AUTORELEASING = YES;
				CLANG_WARN_BOOL_CONVERSION = YES;
				CLANG_WARN_COMMA = YES;
				CLANG_WARN_CONSTANT_CONVERSION = YES;
				CLANG_WARN_DEPRECATED_OBJC_IMPLEMENTATIONS = YES;
				CLANG_WARN_DIRECT_OBJC_ISA_USAGE = YES_ERROR;
				CLANG_WARN_DOCUMENTATION_COMMENTS = YES;
				CLANG_WARN_EMPTY_BODY = YES;
				CLANG_WARN_ENUM_CONVERSION = YES;
				CLANG_WARN_INFINITE_RECURSION = YES;
				CLANG_WARN_INT_CONVERSION = YES;
				CLANG_WARN_NON_LITERAL_NULL_CONVERSION = YES;
				CLANG_WARN_OBJC_IMPLICIT_RETAIN_SELF = YES;
				CLANG_WARN_OBJC_LITERAL_CONVERSION = YES;
				CLANG_WARN_OBJC_ROOT_CLASS = YES_ERROR;
				CLANG_WARN_RANGE_LOOP_ANALYSIS = YES;
				CLANG_WARN_STRICT_PROTOTYPES = YES;
				CLANG_WARN_SUSPICIOUS_MOVE = YES;
				CLANG_WARN_UNGUARDED_AVAILABILITY = YES_AGGRESSIVE;
				CLANG_WARN_UNREACHABLE_CODE = YES;
				CLANG_WARN__DUPLICATE_METHOD_MATCH = YES;
				CODE_SIGN_IDENTITY = "iPhone Developer";
				COPY_PHASE_STRIP = NO;
				DEBUG_INFORMATION_FORMAT = "dwarf-with-dsym";
				ENABLE_NS_ASSERTIONS = NO;
				ENABLE_STRICT_OBJC_MSGSEND = YES;
				GCC_C_LANGUAGE_STANDARD = gnu11;
				GCC_NO_COMMON_BLOCKS = YES;
				GCC_WARN_64_TO_32_BIT_CONVERSION = YES;
				GCC_WARN_ABOUT_RETURN_TYPE = YES_ERROR;
				GCC_WARN_UNDECLARED_SELECTOR = YES;
				GCC_WARN_UNINITIALIZED_AUTOS = YES_AGGRESSIVE;
				GCC_WARN_UNUSED_FUNCTION = YES;
				GCC_WARN_UNUSED_VARIABLE = YES;
				IPHONEOS_DEPLOYMENT_TARGET = 11.4;
				MTL_ENABLE_DEBUG_INFO = NO;
				SDKROOT = iphoneos;
				SWIFT_COMPILATION_MODE = wholemodule;
				SWIFT_OPTIMIZATION_LEVEL = "-O";
				VALIDATE_PRODUCT = YES;
			};
			name = Release;
		};
		1863555221253F1600E6B782 /* Debug */ = {
			isa = XCBuildConfiguration;
			baseConfigurationReference = 191F3A5D2857029A01745973 /* Pods-ECI-Local.debug.xcconfig */;
			buildSettings = {
				ASSETCATALOG_COMPILER_APPICON_NAME = AppIcon;
				CODE_SIGN_STYLE = Automatic;
				DEVELOPMENT_TEAM = H7AN69835B;
				INFOPLIST_FILE = "ECI-Local/Info.plist";
				LD_RUNPATH_SEARCH_PATHS = (
					"$(inherited)",
					"@executable_path/Frameworks",
				);
				PRODUCT_BUNDLE_IDENTIFIER = "com.aezion.ECI-Local";
				PRODUCT_NAME = "$(TARGET_NAME)";
				SWIFT_VERSION = 4.0;
				TARGETED_DEVICE_FAMILY = 1;
			};
			name = Debug;
		};
		1863555321253F1600E6B782 /* Release */ = {
			isa = XCBuildConfiguration;
			baseConfigurationReference = CF502A6646C77655B8EE8667 /* Pods-ECI-Local.release.xcconfig */;
			buildSettings = {
				ASSETCATALOG_COMPILER_APPICON_NAME = AppIcon;
				CODE_SIGN_STYLE = Automatic;
				DEVELOPMENT_TEAM = H7AN69835B;
				INFOPLIST_FILE = "ECI-Local/Info.plist";
				LD_RUNPATH_SEARCH_PATHS = (
					"$(inherited)",
					"@executable_path/Frameworks",
				);
				PRODUCT_BUNDLE_IDENTIFIER = "com.aezion.ECI-Local";
				PRODUCT_NAME = "$(TARGET_NAME)";
				SWIFT_VERSION = 4.0;
				TARGETED_DEVICE_FAMILY = 1;
			};
			name = Release;
		};
/* End XCBuildConfiguration section */

/* Begin XCConfigurationList section */
		1863553A21253F0200E6B782 /* Build configuration list for PBXProject "ECI-Local" */ = {
			isa = XCConfigurationList;
			buildConfigurations = (
				1863554F21253F1600E6B782 /* Debug */,
				1863555021253F1600E6B782 /* Release */,
			);
			defaultConfigurationIsVisible = 0;
			defaultConfigurationName = Release;
		};
		1863555121253F1600E6B782 /* Build configuration list for PBXNativeTarget "ECI-Local" */ = {
			isa = XCConfigurationList;
			buildConfigurations = (
				1863555221253F1600E6B782 /* Debug */,
				1863555321253F1600E6B782 /* Release */,
			);
			defaultConfigurationIsVisible = 0;
			defaultConfigurationName = Release;
		};
/* End XCConfigurationList section */
	};
	rootObject = 1863553721253F0200E6B782 /* Project object */;
}
